
Microsoft Visual Studio Solution File, Format Version 12.00
# Visual Studio Version 16
VisualStudioVersion = 16.0.31229.75
MinimumVisualStudioVersion = 10.0.40219.1
Project("{FAE04EC0-301F-11D3-BF4B-00C04F79EFBC}") = "exe9_pag73_n29", "exe9_pag73_n29.csproj", "{53A0042D-4C9F-4D12-8B1D-1BBE463F7EAE}"
EndProject
Global
	GlobalSection(SolutionConfigurationPlatforms) = preSolution
		Debug|Any CPU = Debug|Any CPU
		Release|Any CPU = Release|Any CPU
	EndGlobalSection
	GlobalSection(ProjectConfigurationPlatforms) = postSolution
		{53A0042D-4C9F-4D12-8B1D-1BBE463F7EAE}.Debug|Any CPU.ActiveCfg = Debug|Any CPU
		{53A0042D-4C9F-4D12-8B1D-1BBE463F7EAE}.Debug|Any CPU.Build.0 = Debug|Any CPU
		{53A0042D-4C9F-4D12-8B1D-1BBE463F7EAE}.Release|Any CPU.ActiveCfg = Release|Any CPU
		{53A0042D-4C9F-4D12-8B1D-1BBE463F7EAE}.Release|Any CPU.Build.0 = Release|Any CPU
	EndGlobalSection
	GlobalSection(SolutionProperties) = preSolution
		HideSolutionNode = FALSE
	EndGlobalSection
	GlobalSection(ExtensibilityGlobals) = postSolution
		SolutionGuid = {B7448EB0-1DF9-44B4-8C06-B5B4B3DE9B61}
	EndGlobalSection
EndGlobal
